
Microsoft Visual Studio Solution File, Format Version 12.00
# Visual Studio 15
VisualStudioVersion = 15.0.28307.168
MinimumVisualStudioVersion = 10.0.40219.1
Project("{FAE04EC0-301F-11D3-BF4B-00C04F79EFBC}") = "Flash", "Flash\Flash.csproj", "{2E6B718A-9AE8-4C52-9796-F9CF390FB2DD}"
EndProject
Global
	GlobalSection(SolutionConfigurationPlatforms) = preSolution
		Debug|Any CPU = Debug|Any CPU
		Release|Any CPU = Release|Any CPU
	EndGlobalSection
	GlobalSection(ProjectConfigurationPlatforms) = postSolution
		{2E6B718A-9AE8-4C52-9796-F9CF390FB2DD}.Debug|Any CPU.ActiveCfg = Debug|Any CPU
		{2E6B718A-9AE8-4C52-9796-F9CF390FB2DD}.Debug|Any CPU.Build.0 = Debug|Any CPU
		{2E6B718A-9AE8-4C52-9796-F9CF390FB2DD}.Release|Any CPU.ActiveCfg = Release|Any CPU
		{2E6B718A-9AE8-4C52-9796-F9CF390FB2DD}.Release|Any CPU.Build.0 = Release|Any CPU
	EndGlobalSection
	GlobalSection(SolutionProperties) = preSolution
		HideSolutionNode = FALSE
	EndGlobalSection
	GlobalSection(ExtensibilityGlobals) = postSolution
		SolutionGuid = {EE4344E2-7FF0-406F-9268-3CB71C33078B}
	EndGlobalSection
EndGlobal
